
Microsoft Visual Studio Solution File, Format Version 12.00
# Visual Studio Version 17
VisualStudioVersion = 17.6.33723.286
MinimumVisualStudioVersion = 10.0.40219.1
Project("{9A19103F-16F7-4668-BE54-9A1E7A4F7556}") = "Presentacion", "Presentacion\Presentacion.csproj", "{2A0BC562-49AC-4866-A7C9-6FD7F3A67A53}"
EndProject
Project("{9A19103F-16F7-4668-BE54-9A1E7A4F7556}") = "Negocio", "Negocio\Negocio.csproj", "{385C068C-2F6C-4AB3-81B1-8BC3D10B1AAC}"
EndProject
Project("{9A19103F-16F7-4668-BE54-9A1E7A4F7556}") = "Entidad", "Entidad\Entidad.csproj", "{0F0A8930-66E0-4B39-9FAF-41A4E91C63D8}"
EndProject
Project("{9A19103F-16F7-4668-BE54-9A1E7A4F7556}") = "Datos", "Datos\Datos.csproj", "{8B60EDCC-9A22-46A4-AC6C-BF7653985A05}"
EndProject
Project("{FAE04EC0-301F-11D3-BF4B-00C04F79EFBC}") = "InterfazForm", "InterfazForm\InterfazForm.csproj", "{69AFB6D4-10FF-4E2E-8CAE-CEC8F1C5259E}"
EndProject
Global
	GlobalSection(SolutionConfigurationPlatforms) = preSolution
		Debug|Any CPU = Debug|Any CPU
		Release|Any CPU = Release|Any CPU
	EndGlobalSection
	GlobalSection(ProjectConfigurationPlatforms) = postSolution
		{2A0BC562-49AC-4866-A7C9-6FD7F3A67A53}.Debug|Any CPU.ActiveCfg = Debug|Any CPU
		{2A0BC562-49AC-4866-A7C9-6FD7F3A67A53}.Debug|Any CPU.Build.0 = Debug|Any CPU
		{2A0BC562-49AC-4866-A7C9-6FD7F3A67A53}.Release|Any CPU.ActiveCfg = Release|Any CPU
		{2A0BC562-49AC-4866-A7C9-6FD7F3A67A53}.Release|Any CPU.Build.0 = Release|Any CPU
		{385C068C-2F6C-4AB3-81B1-8BC3D10B1AAC}.Debug|Any CPU.ActiveCfg = Debug|Any CPU
		{385C068C-2F6C-4AB3-81B1-8BC3D10B1AAC}.Debug|Any CPU.Build.0 = Debug|Any CPU
		{385C068C-2F6C-4AB3-81B1-8BC3D10B1AAC}.Release|Any CPU.ActiveCfg = Release|Any CPU
		{385C068C-2F6C-4AB3-81B1-8BC3D10B1AAC}.Release|Any CPU.Build.0 = Release|Any CPU
		{0F0A8930-66E0-4B39-9FAF-41A4E91C63D8}.Debug|Any CPU.ActiveCfg = Debug|Any CPU
		{0F0A8930-66E0-4B39-9FAF-41A4E91C63D8}.Debug|Any CPU.Build.0 = Debug|Any CPU
		{0F0A8930-66E0-4B39-9FAF-41A4E91C63D8}.Release|Any CPU.ActiveCfg = Release|Any CPU
		{0F0A8930-66E0-4B39-9FAF-41A4E91C63D8}.Release|Any CPU.Build.0 = Release|Any CPU
		{8B60EDCC-9A22-46A4-AC6C-BF7653985A05}.Debug|Any CPU.ActiveCfg = Debug|Any CPU
		{8B60EDCC-9A22-46A4-AC6C-BF7653985A05}.Debug|Any CPU.Build.0 = Debug|Any CPU
		{8B60EDCC-9A22-46A4-AC6C-BF7653985A05}.Release|Any CPU.ActiveCfg = Release|Any CPU
		{8B60EDCC-9A22-46A4-AC6C-BF7653985A05}.Release|Any CPU.Build.0 = Release|Any CPU
		{69AFB6D4-10FF-4E2E-8CAE-CEC8F1C5259E}.Debug|Any CPU.ActiveCfg = Debug|Any CPU
		{69AFB6D4-10FF-4E2E-8CAE-CEC8F1C5259E}.Debug|Any CPU.Build.0 = Debug|Any CPU
		{69AFB6D4-10FF-4E2E-8CAE-CEC8F1C5259E}.Release|Any CPU.ActiveCfg = Release|Any CPU
		{69AFB6D4-10FF-4E2E-8CAE-CEC8F1C5259E}.Release|Any CPU.Build.0 = Release|Any CPU
	EndGlobalSection
	GlobalSection(SolutionProperties) = preSolution
		HideSolutionNode = FALSE
	EndGlobalSection
	GlobalSection(ExtensibilityGlobals) = postSolution
		SolutionGuid = {703A10C3-F7C3-4150-B9E5-8BB380BB5FA8}
	EndGlobalSection
EndGlobal
